// !$*UTF8*$!
{
	archiveVersion = 1;
	classes = {
	};
	objectVersion = 56;
	objects = {

/* Begin PBXBuildFile section */
		D33F20D32B2875B600C2353E /* DoneHabitTrackerApp.swift in Sources */ = {isa = PBXBuildFile; fileRef = D33F20D22B2875B600C2353E /* DoneHabitTrackerApp.swift */; };
		D33F20D52B2875B600C2353E /* MainView.swift in Sources */ = {isa = PBXBuildFile; fileRef = D33F20D42B2875B600C2353E /* MainView.swift */; };
		D33F20D72B2875B800C2353E /* Assets.xcassets in Resources */ = {isa = PBXBuildFile; fileRef = D33F20D62B2875B800C2353E /* Assets.xcassets */; };
		D33F20DA2B2875B800C2353E /* Preview Assets.xcassets in Resources */ = {isa = PBXBuildFile; fileRef = D33F20D92B2875B800C2353E /* Preview Assets.xcassets */; };
		D38647162B5013C50016619C /* SplashView.swift in Sources */ = {isa = PBXBuildFile; fileRef = D38647152B5013C50016619C /* SplashView.swift */; };
		D38647182B50154B0016619C /* LoginView.swift in Sources */ = {isa = PBXBuildFile; fileRef = D38647172B50154B0016619C /* LoginView.swift */; };
		D386471B2B5019D00016619C /* LoginViewModel.swift in Sources */ = {isa = PBXBuildFile; fileRef = D386471A2B5019D00016619C /* LoginViewModel.swift */; };
		D386471D2B5019E80016619C /* RegistrationView.swift in Sources */ = {isa = PBXBuildFile; fileRef = D386471C2B5019E80016619C /* RegistrationView.swift */; };
		D386471F2B5019FE0016619C /* RegistrationViewModel.swift in Sources */ = {isa = PBXBuildFile; fileRef = D386471E2B5019FE0016619C /* RegistrationViewModel.swift */; };
		D38647232B5027640016619C /* GoogleService-Info.plist in Resources */ = {isa = PBXBuildFile; fileRef = D38647222B5027640016619C /* GoogleService-Info.plist */; };
		D38647262B50294B0016619C /* FirebaseAnalytics in Frameworks */ = {isa = PBXBuildFile; productRef = D38647252B50294B0016619C /* FirebaseAnalytics */; };
		D38647282B50294B0016619C /* FirebaseAnalyticsOnDeviceConversion in Frameworks */ = {isa = PBXBuildFile; productRef = D38647272B50294B0016619C /* FirebaseAnalyticsOnDeviceConversion */; };
		D386472A2B50294B0016619C /* FirebaseAnalyticsSwift in Frameworks */ = {isa = PBXBuildFile; productRef = D38647292B50294B0016619C /* FirebaseAnalyticsSwift */; };
		D386472C2B50294B0016619C /* FirebaseAnalyticsWithoutAdIdSupport in Frameworks */ = {isa = PBXBuildFile; productRef = D386472B2B50294B0016619C /* FirebaseAnalyticsWithoutAdIdSupport */; };
		D386472E2B50294B0016619C /* FirebaseAppCheck in Frameworks */ = {isa = PBXBuildFile; productRef = D386472D2B50294B0016619C /* FirebaseAppCheck */; };
		D38647302B50294B0016619C /* FirebaseAppDistribution-Beta in Frameworks */ = {isa = PBXBuildFile; productRef = D386472F2B50294B0016619C /* FirebaseAppDistribution-Beta */; };
		D38647322B50294B0016619C /* FirebaseAuth in Frameworks */ = {isa = PBXBuildFile; productRef = D38647312B50294B0016619C /* FirebaseAuth */; };
		D38647342B50294B0016619C /* FirebaseAuthCombine-Community in Frameworks */ = {isa = PBXBuildFile; productRef = D38647332B50294B0016619C /* FirebaseAuthCombine-Community */; };
		D38647362B50294B0016619C /* FirebaseCrashlytics in Frameworks */ = {isa = PBXBuildFile; productRef = D38647352B50294B0016619C /* FirebaseCrashlytics */; };
		D38647382B50294B0016619C /* FirebaseDatabase in Frameworks */ = {isa = PBXBuildFile; productRef = D38647372B50294B0016619C /* FirebaseDatabase */; };
		D386473A2B50294B0016619C /* FirebaseDatabaseSwift in Frameworks */ = {isa = PBXBuildFile; productRef = D38647392B50294B0016619C /* FirebaseDatabaseSwift */; };
		D386473C2B50294B0016619C /* FirebaseDynamicLinks in Frameworks */ = {isa = PBXBuildFile; productRef = D386473B2B50294B0016619C /* FirebaseDynamicLinks */; };
		D386473E2B50294B0016619C /* FirebaseFirestore in Frameworks */ = {isa = PBXBuildFile; productRef = D386473D2B50294B0016619C /* FirebaseFirestore */; };
		D38647402B50294B0016619C /* FirebaseFirestoreCombine-Community in Frameworks */ = {isa = PBXBuildFile; productRef = D386473F2B50294B0016619C /* FirebaseFirestoreCombine-Community */; };
		D38647422B50294B0016619C /* FirebaseFirestoreSwift in Frameworks */ = {isa = PBXBuildFile; productRef = D38647412B50294B0016619C /* FirebaseFirestoreSwift */; };
		D38647442B50294B0016619C /* FirebaseFunctions in Frameworks */ = {isa = PBXBuildFile; productRef = D38647432B50294B0016619C /* FirebaseFunctions */; };
		D38647462B50294B0016619C /* FirebaseFunctionsCombine-Community in Frameworks */ = {isa = PBXBuildFile; productRef = D38647452B50294B0016619C /* FirebaseFunctionsCombine-Community */; };
		D38647482B50294B0016619C /* FirebaseInAppMessaging-Beta in Frameworks */ = {isa = PBXBuildFile; productRef = D38647472B50294B0016619C /* FirebaseInAppMessaging-Beta */; };
		D386474A2B50294B0016619C /* FirebaseInAppMessagingSwift-Beta in Frameworks */ = {isa = PBXBuildFile; productRef = D38647492B50294B0016619C /* FirebaseInAppMessagingSwift-Beta */; };
		D386474C2B50294B0016619C /* FirebaseInstallations in Frameworks */ = {isa = PBXBuildFile; productRef = D386474B2B50294B0016619C /* FirebaseInstallations */; };
		D386474E2B50294B0016619C /* FirebaseMLModelDownloader in Frameworks */ = {isa = PBXBuildFile; productRef = D386474D2B50294B0016619C /* FirebaseMLModelDownloader */; };
		D38647502B50294B0016619C /* FirebaseMessaging in Frameworks */ = {isa = PBXBuildFile; productRef = D386474F2B50294B0016619C /* FirebaseMessaging */; };
		D38647522B50294B0016619C /* FirebasePerformance in Frameworks */ = {isa = PBXBuildFile; productRef = D38647512B50294B0016619C /* FirebasePerformance */; };
		D38647542B50294B0016619C /* FirebaseRemoteConfig in Frameworks */ = {isa = PBXBuildFile; productRef = D38647532B50294B0016619C /* FirebaseRemoteConfig */; };
		D38647562B50294B0016619C /* FirebaseRemoteConfigSwift in Frameworks */ = {isa = PBXBuildFile; productRef = D38647552B50294B0016619C /* FirebaseRemoteConfigSwift */; };
		D38647582B50294B0016619C /* FirebaseStorage in Frameworks */ = {isa = PBXBuildFile; productRef = D38647572B50294B0016619C /* FirebaseStorage */; };
		D386475A2B50294B0016619C /* FirebaseStorageCombine-Community in Frameworks */ = {isa = PBXBuildFile; productRef = D38647592B50294B0016619C /* FirebaseStorageCombine-Community */; };
		D386475D2B502B4B0016619C /* String+Extensions.swift in Sources */ = {isa = PBXBuildFile; fileRef = D386475C2B502B4B0016619C /* String+Extensions.swift */; };
		D386475F2B50421E0016619C /* ApplicationModel.swift in Sources */ = {isa = PBXBuildFile; fileRef = D386475E2B50421E0016619C /* ApplicationModel.swift */; };
		D38647642B50B3FF0016619C /* ProfileView.swift in Sources */ = {isa = PBXBuildFile; fileRef = D38647632B50B3FF0016619C /* ProfileView.swift */; };
		D38647692B50D50D0016619C /* ActiveHabit.swift in Sources */ = {isa = PBXBuildFile; fileRef = D38647682B50D50D0016619C /* ActiveHabit.swift */; };
		D386476B2B50D5830016619C /* CustomHabit.swift in Sources */ = {isa = PBXBuildFile; fileRef = D386476A2B50D5830016619C /* CustomHabit.swift */; };
		D386476D2B50D6020016619C /* FSUser.swift in Sources */ = {isa = PBXBuildFile; fileRef = D386476C2B50D6020016619C /* FSUser.swift */; };
		D386476F2B5153420016619C /* ProfileViewModel.swift in Sources */ = {isa = PBXBuildFile; fileRef = D386476E2B5153420016619C /* ProfileViewModel.swift */; };
		D38647712B5524E40016619C /* Color+Extensions.swift in Sources */ = {isa = PBXBuildFile; fileRef = D38647702B5524E40016619C /* Color+Extensions.swift */; };
		D38647742B5528C30016619C /* ProgressBar.swift in Sources */ = {isa = PBXBuildFile; fileRef = D38647732B5528C30016619C /* ProgressBar.swift */; };
		D38647762B55300E0016619C /* CircularProgressBar.swift in Sources */ = {isa = PBXBuildFile; fileRef = D38647752B55300E0016619C /* CircularProgressBar.swift */; };
		D38647782B5541010016619C /* StepperView.swift in Sources */ = {isa = PBXBuildFile; fileRef = D38647772B5541010016619C /* StepperView.swift */; };
		D386477A2B5590810016619C /* ChartsBar.swift in Sources */ = {isa = PBXBuildFile; fileRef = D38647792B5590810016619C /* ChartsBar.swift */; };
		D386477C2B5671C40016619C /* ChartsPie.swift in Sources */ = {isa = PBXBuildFile; fileRef = D386477B2B5671C40016619C /* ChartsPie.swift */; };
		D386477E2B567BB80016619C /* PillTagView.swift in Sources */ = {isa = PBXBuildFile; fileRef = D386477D2B567BB80016619C /* PillTagView.swift */; };
		D38647802B568BFF0016619C /* ChartsDougnutProgress.swift in Sources */ = {isa = PBXBuildFile; fileRef = D386477F2B568BFF0016619C /* ChartsDougnutProgress.swift */; };
		D38647842B56B6610016619C /* Localizable.xcstrings in Resources */ = {isa = PBXBuildFile; fileRef = D38647832B56B6610016619C /* Localizable.xcstrings */; };
		D38647862B56C4AE0016619C /* AppTextField.swift in Sources */ = {isa = PBXBuildFile; fileRef = D38647852B56C4AE0016619C /* AppTextField.swift */; };
		D38647882B56D45F0016619C /* AppDropDown.swift in Sources */ = {isa = PBXBuildFile; fileRef = D38647872B56D45F0016619C /* AppDropDown.swift */; };
		D386478B2B56E2580016619C /* HomeView.swift in Sources */ = {isa = PBXBuildFile; fileRef = D386478A2B56E2580016619C /* HomeView.swift */; };
		D386478D2B56E2650016619C /* HomeViewModel.swift in Sources */ = {isa = PBXBuildFile; fileRef = D386478C2B56E2650016619C /* HomeViewModel.swift */; };
		D38647912B56F5D00016619C /* HabitsView.swift in Sources */ = {isa = PBXBuildFile; fileRef = D38647902B56F5D00016619C /* HabitsView.swift */; };
		D38647932B56F5E10016619C /* HabitsViewModel.swift in Sources */ = {isa = PBXBuildFile; fileRef = D38647922B56F5E10016619C /* HabitsViewModel.swift */; };
		D38647962B56F6F70016619C /* NewHabitView.swift in Sources */ = {isa = PBXBuildFile; fileRef = D38647952B56F6F70016619C /* NewHabitView.swift */; };
		D38647982B56F7040016619C /* NewHabitViewModel.swift in Sources */ = {isa = PBXBuildFile; fileRef = D38647972B56F7040016619C /* NewHabitViewModel.swift */; };
		D386479B2B56F8310016619C /* StatisticsView.swift in Sources */ = {isa = PBXBuildFile; fileRef = D386479A2B56F8310016619C /* StatisticsView.swift */; };
		D386479D2B56F83F0016619C /* StatisticsViewModel.swift in Sources */ = {isa = PBXBuildFile; fileRef = D386479C2B56F83F0016619C /* StatisticsViewModel.swift */; };
/* End PBXBuildFile section */

/* Begin PBXFileReference section */
		D33F20CF2B2875B600C2353E /* DoneHabitTracker.app */ = {isa = PBXFileReference; explicitFileType = wrapper.application; includeInIndex = 0; path = DoneHabitTracker.app; sourceTree = BUILT_PRODUCTS_DIR; };
		D33F20D22B2875B600C2353E /* DoneHabitTrackerApp.swift */ = {isa = PBXFileReference; lastKnownFileType = sourcecode.swift; path = DoneHabitTrackerApp.swift; sourceTree = "<group>"; };
		D33F20D42B2875B600C2353E /* MainView.swift */ = {isa = PBXFileReference; lastKnownFileType = sourcecode.swift; path = MainView.swift; sourceTree = "<group>"; };
		D33F20D62B2875B800C2353E /* Assets.xcassets */ = {isa = PBXFileReference; lastKnownFileType = folder.assetcatalog; path = Assets.xcassets; sourceTree = "<group>"; };
		D33F20D92B2875B800C2353E /* Preview Assets.xcassets */ = {isa = PBXFileReference; lastKnownFileType = folder.assetcatalog; path = "Preview Assets.xcassets"; sourceTree = "<group>"; };
		D38647152B5013C50016619C /* SplashView.swift */ = {isa = PBXFileReference; lastKnownFileType = sourcecode.swift; path = SplashView.swift; sourceTree = "<group>"; };
		D38647172B50154B0016619C /* LoginView.swift */ = {isa = PBXFileReference; lastKnownFileType = sourcecode.swift; path = LoginView.swift; sourceTree = "<group>"; };
		D386471A2B5019D00016619C /* LoginViewModel.swift */ = {isa = PBXFileReference; lastKnownFileType = sourcecode.swift; path = LoginViewModel.swift; sourceTree = "<group>"; };
		D386471C2B5019E80016619C /* RegistrationView.swift */ = {isa = PBXFileReference; lastKnownFileType = sourcecode.swift; path = RegistrationView.swift; sourceTree = "<group>"; };
		D386471E2B5019FE0016619C /* RegistrationViewModel.swift */ = {isa = PBXFileReference; lastKnownFileType = sourcecode.swift; path = RegistrationViewModel.swift; sourceTree = "<group>"; };
		D38647222B5027640016619C /* GoogleService-Info.plist */ = {isa = PBXFileReference; fileEncoding = 4; lastKnownFileType = text.plist.xml; path = "GoogleService-Info.plist"; sourceTree = "<group>"; };
		D386475C2B502B4B0016619C /* String+Extensions.swift */ = {isa = PBXFileReference; lastKnownFileType = sourcecode.swift; path = "String+Extensions.swift"; sourceTree = "<group>"; };
		D386475E2B50421E0016619C /* ApplicationModel.swift */ = {isa = PBXFileReference; lastKnownFileType = sourcecode.swift; path = ApplicationModel.swift; sourceTree = "<group>"; };
		D38647632B50B3FF0016619C /* ProfileView.swift */ = {isa = PBXFileReference; lastKnownFileType = sourcecode.swift; path = ProfileView.swift; sourceTree = "<group>"; };
		D38647682B50D50D0016619C /* ActiveHabit.swift */ = {isa = PBXFileReference; lastKnownFileType = sourcecode.swift; path = ActiveHabit.swift; sourceTree = "<group>"; };
		D386476A2B50D5830016619C /* CustomHabit.swift */ = {isa = PBXFileReference; lastKnownFileType = sourcecode.swift; path = CustomHabit.swift; sourceTree = "<group>"; };
		D386476C2B50D6020016619C /* FSUser.swift */ = {isa = PBXFileReference; lastKnownFileType = sourcecode.swift; path = FSUser.swift; sourceTree = "<group>"; };
		D386476E2B5153420016619C /* ProfileViewModel.swift */ = {isa = PBXFileReference; lastKnownFileType = sourcecode.swift; path = ProfileViewModel.swift; sourceTree = "<group>"; };
		D38647702B5524E40016619C /* Color+Extensions.swift */ = {isa = PBXFileReference; lastKnownFileType = sourcecode.swift; path = "Color+Extensions.swift"; sourceTree = "<group>"; };
		D38647732B5528C30016619C /* ProgressBar.swift */ = {isa = PBXFileReference; lastKnownFileType = sourcecode.swift; path = ProgressBar.swift; sourceTree = "<group>"; };
		D38647752B55300E0016619C /* CircularProgressBar.swift */ = {isa = PBXFileReference; lastKnownFileType = sourcecode.swift; path = CircularProgressBar.swift; sourceTree = "<group>"; };
		D38647772B5541010016619C /* StepperView.swift */ = {isa = PBXFileReference; lastKnownFileType = sourcecode.swift; path = StepperView.swift; sourceTree = "<group>"; };
		D38647792B5590810016619C /* ChartsBar.swift */ = {isa = PBXFileReference; lastKnownFileType = sourcecode.swift; path = ChartsBar.swift; sourceTree = "<group>"; };
		D386477B2B5671C40016619C /* ChartsPie.swift */ = {isa = PBXFileReference; lastKnownFileType = sourcecode.swift; path = ChartsPie.swift; sourceTree = "<group>"; };
		D386477D2B567BB80016619C /* PillTagView.swift */ = {isa = PBXFileReference; lastKnownFileType = sourcecode.swift; path = PillTagView.swift; sourceTree = "<group>"; };
		D386477F2B568BFF0016619C /* ChartsDougnutProgress.swift */ = {isa = PBXFileReference; lastKnownFileType = sourcecode.swift; path = ChartsDougnutProgress.swift; sourceTree = "<group>"; };
		D38647832B56B6610016619C /* Localizable.xcstrings */ = {isa = PBXFileReference; lastKnownFileType = text.json.xcstrings; path = Localizable.xcstrings; sourceTree = "<group>"; };
		D38647852B56C4AE0016619C /* AppTextField.swift */ = {isa = PBXFileReference; lastKnownFileType = sourcecode.swift; path = AppTextField.swift; sourceTree = "<group>"; };
		D38647872B56D45F0016619C /* AppDropDown.swift */ = {isa = PBXFileReference; lastKnownFileType = sourcecode.swift; path = AppDropDown.swift; sourceTree = "<group>"; };
		D386478A2B56E2580016619C /* HomeView.swift */ = {isa = PBXFileReference; lastKnownFileType = sourcecode.swift; path = HomeView.swift; sourceTree = "<group>"; };
		D386478C2B56E2650016619C /* HomeViewModel.swift */ = {isa = PBXFileReference; lastKnownFileType = sourcecode.swift; path = HomeViewModel.swift; sourceTree = "<group>"; };
		D38647902B56F5D00016619C /* HabitsView.swift */ = {isa = PBXFileReference; lastKnownFileType = sourcecode.swift; path = HabitsView.swift; sourceTree = "<group>"; };
		D38647922B56F5E10016619C /* HabitsViewModel.swift */ = {isa = PBXFileReference; lastKnownFileType = sourcecode.swift; path = HabitsViewModel.swift; sourceTree = "<group>"; };
		D38647952B56F6F70016619C /* NewHabitView.swift */ = {isa = PBXFileReference; lastKnownFileType = sourcecode.swift; path = NewHabitView.swift; sourceTree = "<group>"; };
		D38647972B56F7040016619C /* NewHabitViewModel.swift */ = {isa = PBXFileReference; lastKnownFileType = sourcecode.swift; path = NewHabitViewModel.swift; sourceTree = "<group>"; };
		D386479A2B56F8310016619C /* StatisticsView.swift */ = {isa = PBXFileReference; lastKnownFileType = sourcecode.swift; path = StatisticsView.swift; sourceTree = "<group>"; };
		D386479C2B56F83F0016619C /* StatisticsViewModel.swift */ = {isa = PBXFileReference; lastKnownFileType = sourcecode.swift; path = StatisticsViewModel.swift; sourceTree = "<group>"; };
/* End PBXFileReference section */

/* Begin PBXFrameworksBuildPhase section */
		D33F20CC2B2875B600C2353E /* Frameworks */ = {
			isa = PBXFrameworksBuildPhase;
			buildActionMask = 2147483647;
			files = (
				D38647382B50294B0016619C /* FirebaseDatabase in Frameworks */,
				D38647462B50294B0016619C /* FirebaseFunctionsCombine-Community in Frameworks */,
				D386473E2B50294B0016619C /* FirebaseFirestore in Frameworks */,
				D386472A2B50294B0016619C /* FirebaseAnalyticsSwift in Frameworks */,
				D38647262B50294B0016619C /* FirebaseAnalytics in Frameworks */,
				D38647282B50294B0016619C /* FirebaseAnalyticsOnDeviceConversion in Frameworks */,
				D386474E2B50294B0016619C /* FirebaseMLModelDownloader in Frameworks */,
				D38647422B50294B0016619C /* FirebaseFirestoreSwift in Frameworks */,
				D386472E2B50294B0016619C /* FirebaseAppCheck in Frameworks */,
				D386472C2B50294B0016619C /* FirebaseAnalyticsWithoutAdIdSupport in Frameworks */,
				D38647322B50294B0016619C /* FirebaseAuth in Frameworks */,
				D38647362B50294B0016619C /* FirebaseCrashlytics in Frameworks */,
				D38647562B50294B0016619C /* FirebaseRemoteConfigSwift in Frameworks */,
				D38647482B50294B0016619C /* FirebaseInAppMessaging-Beta in Frameworks */,
				D386473A2B50294B0016619C /* FirebaseDatabaseSwift in Frameworks */,
				D38647442B50294B0016619C /* FirebaseFunctions in Frameworks */,
				D386475A2B50294B0016619C /* FirebaseStorageCombine-Community in Frameworks */,
				D38647542B50294B0016619C /* FirebaseRemoteConfig in Frameworks */,
				D38647302B50294B0016619C /* FirebaseAppDistribution-Beta in Frameworks */,
				D38647342B50294B0016619C /* FirebaseAuthCombine-Community in Frameworks */,
				D38647522B50294B0016619C /* FirebasePerformance in Frameworks */,
				D386474A2B50294B0016619C /* FirebaseInAppMessagingSwift-Beta in Frameworks */,
				D38647582B50294B0016619C /* FirebaseStorage in Frameworks */,
				D386473C2B50294B0016619C /* FirebaseDynamicLinks in Frameworks */,
				D38647402B50294B0016619C /* FirebaseFirestoreCombine-Community in Frameworks */,
				D38647502B50294B0016619C /* FirebaseMessaging in Frameworks */,
				D386474C2B50294B0016619C /* FirebaseInstallations in Frameworks */,
			);
			runOnlyForDeploymentPostprocessing = 0;
		};
/* End PBXFrameworksBuildPhase section */

/* Begin PBXGroup section */
		D33F20C62B2875B600C2353E = {
			isa = PBXGroup;
			children = (
				D33F20D12B2875B600C2353E /* DoneHabitTracker */,
				D33F20D02B2875B600C2353E /* Products */,
			);
			sourceTree = "<group>";
		};
		D33F20D02B2875B600C2353E /* Products */ = {
			isa = PBXGroup;
			children = (
				D33F20CF2B2875B600C2353E /* DoneHabitTracker.app */,
			);
			name = Products;
			sourceTree = "<group>";
		};
		D33F20D12B2875B600C2353E /* DoneHabitTracker */ = {
			isa = PBXGroup;
			children = (
				D38647722B5528A80016619C /* Components */,
				D386475B2B502B330016619C /* Extensions */,
				D38647602B5049A00016619C /* Models */,
				D38647142B5013660016619C /* Scenes */,
				D33F20D62B2875B800C2353E /* Assets.xcassets */,
				D38647222B5027640016619C /* GoogleService-Info.plist */,
				D33F20D82B2875B800C2353E /* Preview Content */,
				D38647832B56B6610016619C /* Localizable.xcstrings */,
			);
			path = DoneHabitTracker;
			sourceTree = "<group>";
		};
		D33F20D82B2875B800C2353E /* Preview Content */ = {
			isa = PBXGroup;
			children = (
				D33F20D92B2875B800C2353E /* Preview Assets.xcassets */,
			);
			path = "Preview Content";
			sourceTree = "<group>";
		};
		D38647142B5013660016619C /* Scenes */ = {
			isa = PBXGroup;
			children = (
				D38647202B501A280016619C /* Splash */,
				D38647192B5019990016619C /* Authentication */,
				D38647892B56E2480016619C /* Home */,
				D386478E2B56F57E0016619C /* Habits */,
				D38647942B56F6CF0016619C /* NewHabit */,
				D38647992B56F81B0016619C /* Statistics */,
				D38647212B501A410016619C /* Profile */,
				D33F20D42B2875B600C2353E /* MainView.swift */,
				D33F20D22B2875B600C2353E /* DoneHabitTrackerApp.swift */,
			);
			path = Scenes;
			sourceTree = "<group>";
		};
		D38647192B5019990016619C /* Authentication */ = {
			isa = PBXGroup;
			children = (
				D38647652B50CC9D0016619C /* Login */,
				D38647662B50CCB00016619C /* Registration */,
			);
			path = Authentication;
			sourceTree = "<group>";
		};
		D38647202B501A280016619C /* Splash */ = {
			isa = PBXGroup;
			children = (
				D38647152B5013C50016619C /* SplashView.swift */,
			);
			path = Splash;
			sourceTree = "<group>";
		};
		D38647212B501A410016619C /* Profile */ = {
			isa = PBXGroup;
			children = (
				D38647632B50B3FF0016619C /* ProfileView.swift */,
				D386476E2B5153420016619C /* ProfileViewModel.swift */,
			);
			path = Profile;
			sourceTree = "<group>";
		};
		D386475B2B502B330016619C /* Extensions */ = {
			isa = PBXGroup;
			children = (
				D386475C2B502B4B0016619C /* String+Extensions.swift */,
				D38647702B5524E40016619C /* Color+Extensions.swift */,
			);
			path = Extensions;
			sourceTree = "<group>";
		};
		D38647602B5049A00016619C /* Models */ = {
			isa = PBXGroup;
			children = (
				D38647672B50D4D60016619C /* FireStore */,
				D386475E2B50421E0016619C /* ApplicationModel.swift */,
			);
			path = Models;
			sourceTree = "<group>";
		};
		D38647652B50CC9D0016619C /* Login */ = {
			isa = PBXGroup;
			children = (
				D38647172B50154B0016619C /* LoginView.swift */,
				D386471A2B5019D00016619C /* LoginViewModel.swift */,
			);
			path = Login;
			sourceTree = "<group>";
		};
		D38647662B50CCB00016619C /* Registration */ = {
			isa = PBXGroup;
			children = (
				D386471C2B5019E80016619C /* RegistrationView.swift */,
				D386471E2B5019FE0016619C /* RegistrationViewModel.swift */,
			);
			path = Registration;
			sourceTree = "<group>";
		};
		D38647672B50D4D60016619C /* FireStore */ = {
			isa = PBXGroup;
			children = (
				D38647682B50D50D0016619C /* ActiveHabit.swift */,
				D386476A2B50D5830016619C /* CustomHabit.swift */,
				D386476C2B50D6020016619C /* FSUser.swift */,
			);
			path = FireStore;
			sourceTree = "<group>";
		};
		D38647722B5528A80016619C /* Components */ = {
			isa = PBXGroup;
			children = (
				D38647732B5528C30016619C /* ProgressBar.swift */,
				D38647752B55300E0016619C /* CircularProgressBar.swift */,
				D38647772B5541010016619C /* StepperView.swift */,
				D38647792B5590810016619C /* ChartsBar.swift */,
				D386477B2B5671C40016619C /* ChartsPie.swift */,
				D386477D2B567BB80016619C /* PillTagView.swift */,
				D386477F2B568BFF0016619C /* ChartsDougnutProgress.swift */,
				D38647852B56C4AE0016619C /* AppTextField.swift */,
				D38647872B56D45F0016619C /* AppDropDown.swift */,
			);
			path = Components;
			sourceTree = "<group>";
		};
		D38647892B56E2480016619C /* Home */ = {
			isa = PBXGroup;
			children = (
				D386478A2B56E2580016619C /* HomeView.swift */,
				D386478C2B56E2650016619C /* HomeViewModel.swift */,
			);
			path = Home;
			sourceTree = "<group>";
		};
		D386478E2B56F57E0016619C /* Habits */ = {
			isa = PBXGroup;
			children = (
				D38647902B56F5D00016619C /* HabitsView.swift */,
				D38647922B56F5E10016619C /* HabitsViewModel.swift */,
			);
			path = Habits;
			sourceTree = "<group>";
		};
		D38647942B56F6CF0016619C /* NewHabit */ = {
			isa = PBXGroup;
			children = (
				D38647952B56F6F70016619C /* NewHabitView.swift */,
				D38647972B56F7040016619C /* NewHabitViewModel.swift */,
			);
			path = NewHabit;
			sourceTree = "<group>";
		};
		D38647992B56F81B0016619C /* Statistics */ = {
			isa = PBXGroup;
			children = (
				D386479A2B56F8310016619C /* StatisticsView.swift */,
				D386479C2B56F83F0016619C /* StatisticsViewModel.swift */,
			);
			path = Statistics;
			sourceTree = "<group>";
		};
/* End PBXGroup section */

/* Begin PBXNativeTarget section */
		D33F20CE2B2875B600C2353E /* DoneHabitTracker */ = {
			isa = PBXNativeTarget;
			buildConfigurationList = D33F20DD2B2875B800C2353E /* Build configuration list for PBXNativeTarget "DoneHabitTracker" */;
			buildPhases = (
				D33F20CB2B2875B600C2353E /* Sources */,
				D33F20CC2B2875B600C2353E /* Frameworks */,
				D33F20CD2B2875B600C2353E /* Resources */,
			);
			buildRules = (
			);
			dependencies = (
			);
			name = DoneHabitTracker;
			packageProductDependencies = (
				D38647252B50294B0016619C /* FirebaseAnalytics */,
				D38647272B50294B0016619C /* FirebaseAnalyticsOnDeviceConversion */,
				D38647292B50294B0016619C /* FirebaseAnalyticsSwift */,
				D386472B2B50294B0016619C /* FirebaseAnalyticsWithoutAdIdSupport */,
				D386472D2B50294B0016619C /* FirebaseAppCheck */,
				D386472F2B50294B0016619C /* FirebaseAppDistribution-Beta */,
				D38647312B50294B0016619C /* FirebaseAuth */,
				D38647332B50294B0016619C /* FirebaseAuthCombine-Community */,
				D38647352B50294B0016619C /* FirebaseCrashlytics */,
				D38647372B50294B0016619C /* FirebaseDatabase */,
				D38647392B50294B0016619C /* FirebaseDatabaseSwift */,
				D386473B2B50294B0016619C /* FirebaseDynamicLinks */,
				D386473D2B50294B0016619C /* FirebaseFirestore */,
				D386473F2B50294B0016619C /* FirebaseFirestoreCombine-Community */,
				D38647412B50294B0016619C /* FirebaseFirestoreSwift */,
				D38647432B50294B0016619C /* FirebaseFunctions */,
				D38647452B50294B0016619C /* FirebaseFunctionsCombine-Community */,
				D38647472B50294B0016619C /* FirebaseInAppMessaging-Beta */,
				D38647492B50294B0016619C /* FirebaseInAppMessagingSwift-Beta */,
				D386474B2B50294B0016619C /* FirebaseInstallations */,
				D386474D2B50294B0016619C /* FirebaseMLModelDownloader */,
				D386474F2B50294B0016619C /* FirebaseMessaging */,
				D38647512B50294B0016619C /* FirebasePerformance */,
				D38647532B50294B0016619C /* FirebaseRemoteConfig */,
				D38647552B50294B0016619C /* FirebaseRemoteConfigSwift */,
				D38647572B50294B0016619C /* FirebaseStorage */,
				D38647592B50294B0016619C /* FirebaseStorageCombine-Community */,
			);
			productName = DoneHabitTracker;
			productReference = D33F20CF2B2875B600C2353E /* DoneHabitTracker.app */;
			productType = "com.apple.product-type.application";
		};
/* End PBXNativeTarget section */

/* Begin PBXProject section */
		D33F20C72B2875B600C2353E /* Project object */ = {
			isa = PBXProject;
			attributes = {
				BuildIndependentTargetsInParallel = 1;
				LastSwiftUpdateCheck = 1500;
				LastUpgradeCheck = 1500;
				TargetAttributes = {
					D33F20CE2B2875B600C2353E = {
						CreatedOnToolsVersion = 15.0.1;
					};
				};
			};
			buildConfigurationList = D33F20CA2B2875B600C2353E /* Build configuration list for PBXProject "DoneHabitTracker" */;
			compatibilityVersion = "Xcode 14.0";
			developmentRegion = en;
			hasScannedForEncodings = 0;
			knownRegions = (
				en,
				Base,
				el,
			);
			mainGroup = D33F20C62B2875B600C2353E;
			packageReferences = (
				D38647242B50294B0016619C /* XCRemoteSwiftPackageReference "firebase-ios-sdk" */,
			);
			productRefGroup = D33F20D02B2875B600C2353E /* Products */;
			projectDirPath = "";
			projectRoot = "";
			targets = (
				D33F20CE2B2875B600C2353E /* DoneHabitTracker */,
			);
		};
/* End PBXProject section */

/* Begin PBXResourcesBuildPhase section */
		D33F20CD2B2875B600C2353E /* Resources */ = {
			isa = PBXResourcesBuildPhase;
			buildActionMask = 2147483647;
			files = (
				D33F20DA2B2875B800C2353E /* Preview Assets.xcassets in Resources */,
				D33F20D72B2875B800C2353E /* Assets.xcassets in Resources */,
				D38647842B56B6610016619C /* Localizable.xcstrings in Resources */,
				D38647232B5027640016619C /* GoogleService-Info.plist in Resources */,
			);
			runOnlyForDeploymentPostprocessing = 0;
		};
/* End PBXResourcesBuildPhase section */

/* Begin PBXSourcesBuildPhase section */
		D33F20CB2B2875B600C2353E /* Sources */ = {
			isa = PBXSourcesBuildPhase;
			buildActionMask = 2147483647;
			files = (
				D38647762B55300E0016619C /* CircularProgressBar.swift in Sources */,
				D33F20D52B2875B600C2353E /* MainView.swift in Sources */,
				D33F20D32B2875B600C2353E /* DoneHabitTrackerApp.swift in Sources */,
				D38647962B56F6F70016619C /* NewHabitView.swift in Sources */,
				D38647982B56F7040016619C /* NewHabitViewModel.swift in Sources */,
				D386478B2B56E2580016619C /* HomeView.swift in Sources */,
				D386477A2B5590810016619C /* ChartsBar.swift in Sources */,
				D386479B2B56F8310016619C /* StatisticsView.swift in Sources */,
				D38647642B50B3FF0016619C /* ProfileView.swift in Sources */,
				D386477E2B567BB80016619C /* PillTagView.swift in Sources */,
				D386477C2B5671C40016619C /* ChartsPie.swift in Sources */,
				D386479D2B56F83F0016619C /* StatisticsViewModel.swift in Sources */,
				D38647782B5541010016619C /* StepperView.swift in Sources */,
				D38647182B50154B0016619C /* LoginView.swift in Sources */,
				D386475F2B50421E0016619C /* ApplicationModel.swift in Sources */,
				D38647712B5524E40016619C /* Color+Extensions.swift in Sources */,
				D38647742B5528C30016619C /* ProgressBar.swift in Sources */,
				D386471F2B5019FE0016619C /* RegistrationViewModel.swift in Sources */,
				D386476F2B5153420016619C /* ProfileViewModel.swift in Sources */,
				D386476D2B50D6020016619C /* FSUser.swift in Sources */,
				D38647912B56F5D00016619C /* HabitsView.swift in Sources */,
				D386475D2B502B4B0016619C /* String+Extensions.swift in Sources */,
				D386476B2B50D5830016619C /* CustomHabit.swift in Sources */,
				D38647932B56F5E10016619C /* HabitsViewModel.swift in Sources */,
				D386471D2B5019E80016619C /* RegistrationView.swift in Sources */,
				D38647882B56D45F0016619C /* AppDropDown.swift in Sources */,
				D38647692B50D50D0016619C /* ActiveHabit.swift in Sources */,
				D386478D2B56E2650016619C /* HomeViewModel.swift in Sources */,
				D386471B2B5019D00016619C /* LoginViewModel.swift in Sources */,
				D38647162B5013C50016619C /* SplashView.swift in Sources */,
				D38647802B568BFF0016619C /* ChartsDougnutProgress.swift in Sources */,
				D38647862B56C4AE0016619C /* AppTextField.swift in Sources */,
			);
			runOnlyForDeploymentPostprocessing = 0;
		};
/* End PBXSourcesBuildPhase section */

/* Begin XCBuildConfiguration section */
		D33F20DB2B2875B800C2353E /* Debug */ = {
			isa = XCBuildConfiguration;
			buildSettings = {
				ALWAYS_SEARCH_USER_PATHS = NO;
				ASSETCATALOG_COMPILER_GENERATE_SWIFT_ASSET_SYMBOL_EXTENSIONS = YES;
				CLANG_ANALYZER_NONNULL = YES;
				CLANG_ANALYZER_NUMBER_OBJECT_CONVERSION = YES_AGGRESSIVE;
				CLANG_CXX_LANGUAGE_STANDARD = "gnu++20";
				CLANG_ENABLE_MODULES = YES;
				CLANG_ENABLE_OBJC_ARC = YES;
				CLANG_ENABLE_OBJC_WEAK = YES;
				CLANG_WARN_BLOCK_CAPTURE_AUTORELEASING = YES;
				CLANG_WARN_BOOL_CONVERSION = YES;
				CLANG_WARN_COMMA = YES;
				CLANG_WARN_CONSTANT_CONVERSION = YES;
				CLANG_WARN_DEPRECATED_OBJC_IMPLEMENTATIONS = YES;
				CLANG_WARN_DIRECT_OBJC_ISA_USAGE = YES_ERROR;
				CLANG_WARN_DOCUMENTATION_COMMENTS = YES;
				CLANG_WARN_EMPTY_BODY = YES;
				CLANG_WARN_ENUM_CONVERSION = YES;
				CLANG_WARN_INFINITE_RECURSION = YES;
				CLANG_WARN_INT_CONVERSION = YES;
				CLANG_WARN_NON_LITERAL_NULL_CONVERSION = YES;
				CLANG_WARN_OBJC_IMPLICIT_RETAIN_SELF = YES;
				CLANG_WARN_OBJC_LITERAL_CONVERSION = YES;
				CLANG_WARN_OBJC_ROOT_CLASS = YES_ERROR;
				CLANG_WARN_QUOTED_INCLUDE_IN_FRAMEWORK_HEADER = YES;
				CLANG_WARN_RANGE_LOOP_ANALYSIS = YES;
				CLANG_WARN_STRICT_PROTOTYPES = YES;
				CLANG_WARN_SUSPICIOUS_MOVE = YES;
				CLANG_WARN_UNGUARDED_AVAILABILITY = YES_AGGRESSIVE;
				CLANG_WARN_UNREACHABLE_CODE = YES;
				CLANG_WARN__DUPLICATE_METHOD_MATCH = YES;
				COPY_PHASE_STRIP = NO;
				DEBUG_INFORMATION_FORMAT = dwarf;
				ENABLE_STRICT_OBJC_MSGSEND = YES;
				ENABLE_TESTABILITY = YES;
				ENABLE_USER_SCRIPT_SANDBOXING = YES;
				GCC_C_LANGUAGE_STANDARD = gnu17;
				GCC_DYNAMIC_NO_PIC = NO;
				GCC_NO_COMMON_BLOCKS = YES;
				GCC_OPTIMIZATION_LEVEL = 0;
				GCC_PREPROCESSOR_DEFINITIONS = (
					"DEBUG=1",
					"$(inherited)",
				);
				GCC_WARN_64_TO_32_BIT_CONVERSION = YES;
				GCC_WARN_ABOUT_RETURN_TYPE = YES_ERROR;
				GCC_WARN_UNDECLARED_SELECTOR = YES;
				GCC_WARN_UNINITIALIZED_AUTOS = YES_AGGRESSIVE;
				GCC_WARN_UNUSED_FUNCTION = YES;
				GCC_WARN_UNUSED_VARIABLE = YES;
				IPHONEOS_DEPLOYMENT_TARGET = 17.0;
				LOCALIZATION_PREFERS_STRING_CATALOGS = YES;
				MTL_ENABLE_DEBUG_INFO = INCLUDE_SOURCE;
				MTL_FAST_MATH = YES;
				ONLY_ACTIVE_ARCH = YES;
				SDKROOT = iphoneos;
				SWIFT_ACTIVE_COMPILATION_CONDITIONS = "DEBUG $(inherited)";
				SWIFT_OPTIMIZATION_LEVEL = "-Onone";
			};
			name = Debug;
		};
		D33F20DC2B2875B800C2353E /* Release */ = {
			isa = XCBuildConfiguration;
			buildSettings = {
				ALWAYS_SEARCH_USER_PATHS = NO;
				ASSETCATALOG_COMPILER_GENERATE_SWIFT_ASSET_SYMBOL_EXTENSIONS = YES;
				CLANG_ANALYZER_NONNULL = YES;
				CLANG_ANALYZER_NUMBER_OBJECT_CONVERSION = YES_AGGRESSIVE;
				CLANG_CXX_LANGUAGE_STANDARD = "gnu++20";
				CLANG_ENABLE_MODULES = YES;
				CLANG_ENABLE_OBJC_ARC = YES;
				CLANG_ENABLE_OBJC_WEAK = YES;
				CLANG_WARN_BLOCK_CAPTURE_AUTORELEASING = YES;
				CLANG_WARN_BOOL_CONVERSION = YES;
				CLANG_WARN_COMMA = YES;
				CLANG_WARN_CONSTANT_CONVERSION = YES;
				CLANG_WARN_DEPRECATED_OBJC_IMPLEMENTATIONS = YES;
				CLANG_WARN_DIRECT_OBJC_ISA_USAGE = YES_ERROR;
				CLANG_WARN_DOCUMENTATION_COMMENTS = YES;
				CLANG_WARN_EMPTY_BODY = YES;
				CLANG_WARN_ENUM_CONVERSION = YES;
				CLANG_WARN_INFINITE_RECURSION = YES;
				CLANG_WARN_INT_CONVERSION = YES;
				CLANG_WARN_NON_LITERAL_NULL_CONVERSION = YES;
				CLANG_WARN_OBJC_IMPLICIT_RETAIN_SELF = YES;
				CLANG_WARN_OBJC_LITERAL_CONVERSION = YES;
				CLANG_WARN_OBJC_ROOT_CLASS = YES_ERROR;
				CLANG_WARN_QUOTED_INCLUDE_IN_FRAMEWORK_HEADER = YES;
				CLANG_WARN_RANGE_LOOP_ANALYSIS = YES;
				CLANG_WARN_STRICT_PROTOTYPES = YES;
				CLANG_WARN_SUSPICIOUS_MOVE = YES;
				CLANG_WARN_UNGUARDED_AVAILABILITY = YES_AGGRESSIVE;
				CLANG_WARN_UNREACHABLE_CODE = YES;
				CLANG_WARN__DUPLICATE_METHOD_MATCH = YES;
				COPY_PHASE_STRIP = NO;
				DEBUG_INFORMATION_FORMAT = "dwarf-with-dsym";
				ENABLE_NS_ASSERTIONS = NO;
				ENABLE_STRICT_OBJC_MSGSEND = YES;
				ENABLE_USER_SCRIPT_SANDBOXING = YES;
				GCC_C_LANGUAGE_STANDARD = gnu17;
				GCC_NO_COMMON_BLOCKS = YES;
				GCC_WARN_64_TO_32_BIT_CONVERSION = YES;
				GCC_WARN_ABOUT_RETURN_TYPE = YES_ERROR;
				GCC_WARN_UNDECLARED_SELECTOR = YES;
				GCC_WARN_UNINITIALIZED_AUTOS = YES_AGGRESSIVE;
				GCC_WARN_UNUSED_FUNCTION = YES;
				GCC_WARN_UNUSED_VARIABLE = YES;
				IPHONEOS_DEPLOYMENT_TARGET = 17.0;
				LOCALIZATION_PREFERS_STRING_CATALOGS = YES;
				MTL_ENABLE_DEBUG_INFO = NO;
				MTL_FAST_MATH = YES;
				SDKROOT = iphoneos;
				SWIFT_COMPILATION_MODE = wholemodule;
				VALIDATE_PRODUCT = YES;
			};
			name = Release;
		};
		D33F20DE2B2875B800C2353E /* Debug */ = {
			isa = XCBuildConfiguration;
			buildSettings = {
				ASSETCATALOG_COMPILER_APPICON_NAME = AppIcon;
				ASSETCATALOG_COMPILER_GLOBAL_ACCENT_COLOR_NAME = AccentColor;
				CODE_SIGN_STYLE = Automatic;
				CURRENT_PROJECT_VERSION = 1;
				DEVELOPMENT_ASSET_PATHS = "\"DoneHabitTracker/Preview Content\"";
				DEVELOPMENT_TEAM = 7R25Q8NQQ3;
				ENABLE_PREVIEWS = YES;
				ENABLE_USER_SCRIPT_SANDBOXING = NO;
				GENERATE_INFOPLIST_FILE = YES;
				INFOPLIST_KEY_UIApplicationSceneManifest_Generation = YES;
				INFOPLIST_KEY_UIApplicationSupportsIndirectInputEvents = YES;
				INFOPLIST_KEY_UILaunchScreen_Generation = YES;
				INFOPLIST_KEY_UISupportedInterfaceOrientations_iPad = "UIInterfaceOrientationPortrait UIInterfaceOrientationPortraitUpsideDown UIInterfaceOrientationLandscapeLeft UIInterfaceOrientationLandscapeRight";
				INFOPLIST_KEY_UISupportedInterfaceOrientations_iPhone = "UIInterfaceOrientationPortrait UIInterfaceOrientationLandscapeLeft UIInterfaceOrientationLandscapeRight";
				LD_RUNPATH_SEARCH_PATHS = (
					"$(inherited)",
					"@executable_path/Frameworks",
				);
				MARKETING_VERSION = 1.0;
				PRODUCT_BUNDLE_IDENTIFIER = com.oblivious.DoneHabitTracker;
				PRODUCT_NAME = "$(TARGET_NAME)";
				SWIFT_EMIT_LOC_STRINGS = YES;
				SWIFT_VERSION = 5.0;
				TARGETED_DEVICE_FAMILY = "1,2";
			};
			name = Debug;
		};
		D33F20DF2B2875B800C2353E /* Release */ = {
			isa = XCBuildConfiguration;
			buildSettings = {
				ASSETCATALOG_COMPILER_APPICON_NAME = AppIcon;
				ASSETCATALOG_COMPILER_GLOBAL_ACCENT_COLOR_NAME = AccentColor;
				CODE_SIGN_STYLE = Automatic;
				CURRENT_PROJECT_VERSION = 1;
				DEVELOPMENT_ASSET_PATHS = "\"DoneHabitTracker/Preview Content\"";
				DEVELOPMENT_TEAM = "";
				ENABLE_PREVIEWS = YES;
				ENABLE_USER_SCRIPT_SANDBOXING = NO;
				GENERATE_INFOPLIST_FILE = YES;
				INFOPLIST_KEY_UIApplicationSceneManifest_Generation = YES;
				INFOPLIST_KEY_UIApplicationSupportsIndirectInputEvents = YES;
				INFOPLIST_KEY_UILaunchScreen_Generation = YES;
				INFOPLIST_KEY_UISupportedInterfaceOrientations_iPad = "UIInterfaceOrientationPortrait UIInterfaceOrientationPortraitUpsideDown UIInterfaceOrientationLandscapeLeft UIInterfaceOrientationLandscapeRight";
				INFOPLIST_KEY_UISupportedInterfaceOrientations_iPhone = "UIInterfaceOrientationPortrait UIInterfaceOrientationLandscapeLeft UIInterfaceOrientationLandscapeRight";
				LD_RUNPATH_SEARCH_PATHS = (
					"$(inherited)",
					"@executable_path/Frameworks",
				);
				MARKETING_VERSION = 1.0;
				PRODUCT_BUNDLE_IDENTIFIER = gr.deloitte.doneapp;
				PRODUCT_NAME = "$(TARGET_NAME)";
				SWIFT_EMIT_LOC_STRINGS = YES;
				SWIFT_VERSION = 5.0;
				TARGETED_DEVICE_FAMILY = "1,2";
			};
			name = Release;
		};
/* End XCBuildConfiguration section */

/* Begin XCConfigurationList section */
		D33F20CA2B2875B600C2353E /* Build configuration list for PBXProject "DoneHabitTracker" */ = {
			isa = XCConfigurationList;
			buildConfigurations = (
				D33F20DB2B2875B800C2353E /* Debug */,
				D33F20DC2B2875B800C2353E /* Release */,
			);
			defaultConfigurationIsVisible = 0;
			defaultConfigurationName = Release;
		};
		D33F20DD2B2875B800C2353E /* Build configuration list for PBXNativeTarget "DoneHabitTracker" */ = {
			isa = XCConfigurationList;
			buildConfigurations = (
				D33F20DE2B2875B800C2353E /* Debug */,
				D33F20DF2B2875B800C2353E /* Release */,
			);
			defaultConfigurationIsVisible = 0;
			defaultConfigurationName = Release;
		};
/* End XCConfigurationList section */

/* Begin XCRemoteSwiftPackageReference section */
		D38647242B50294B0016619C /* XCRemoteSwiftPackageReference "firebase-ios-sdk" */ = {
			isa = XCRemoteSwiftPackageReference;
			repositoryURL = "https://github.com/firebase/firebase-ios-sdk.git";
			requirement = {
				kind = upToNextMajorVersion;
				minimumVersion = 10.19.1;
			};
		};
/* End XCRemoteSwiftPackageReference section */

/* Begin XCSwiftPackageProductDependency section */
		D38647252B50294B0016619C /* FirebaseAnalytics */ = {
			isa = XCSwiftPackageProductDependency;
			package = D38647242B50294B0016619C /* XCRemoteSwiftPackageReference "firebase-ios-sdk" */;
			productName = FirebaseAnalytics;
		};
		D38647272B50294B0016619C /* FirebaseAnalyticsOnDeviceConversion */ = {
			isa = XCSwiftPackageProductDependency;
			package = D38647242B50294B0016619C /* XCRemoteSwiftPackageReference "firebase-ios-sdk" */;
			productName = FirebaseAnalyticsOnDeviceConversion;
		};
		D38647292B50294B0016619C /* FirebaseAnalyticsSwift */ = {
			isa = XCSwiftPackageProductDependency;
			package = D38647242B50294B0016619C /* XCRemoteSwiftPackageReference "firebase-ios-sdk" */;
			productName = FirebaseAnalyticsSwift;
		};
		D386472B2B50294B0016619C /* FirebaseAnalyticsWithoutAdIdSupport */ = {
			isa = XCSwiftPackageProductDependency;
			package = D38647242B50294B0016619C /* XCRemoteSwiftPackageReference "firebase-ios-sdk" */;
			productName = FirebaseAnalyticsWithoutAdIdSupport;
		};
		D386472D2B50294B0016619C /* FirebaseAppCheck */ = {
			isa = XCSwiftPackageProductDependency;
			package = D38647242B50294B0016619C /* XCRemoteSwiftPackageReference "firebase-ios-sdk" */;
			productName = FirebaseAppCheck;
		};
		D386472F2B50294B0016619C /* FirebaseAppDistribution-Beta */ = {
			isa = XCSwiftPackageProductDependency;
			package = D38647242B50294B0016619C /* XCRemoteSwiftPackageReference "firebase-ios-sdk" */;
			productName = "FirebaseAppDistribution-Beta";
		};
		D38647312B50294B0016619C /* FirebaseAuth */ = {
			isa = XCSwiftPackageProductDependency;
			package = D38647242B50294B0016619C /* XCRemoteSwiftPackageReference "firebase-ios-sdk" */;
			productName = FirebaseAuth;
		};
		D38647332B50294B0016619C /* FirebaseAuthCombine-Community */ = {
			isa = XCSwiftPackageProductDependency;
			package = D38647242B50294B0016619C /* XCRemoteSwiftPackageReference "firebase-ios-sdk" */;
			productName = "FirebaseAuthCombine-Community";
		};
		D38647352B50294B0016619C /* FirebaseCrashlytics */ = {
			isa = XCSwiftPackageProductDependency;
			package = D38647242B50294B0016619C /* XCRemoteSwiftPackageReference "firebase-ios-sdk" */;
			productName = FirebaseCrashlytics;
		};
		D38647372B50294B0016619C /* FirebaseDatabase */ = {
			isa = XCSwiftPackageProductDependency;
			package = D38647242B50294B0016619C /* XCRemoteSwiftPackageReference "firebase-ios-sdk" */;
			productName = FirebaseDatabase;
		};
		D38647392B50294B0016619C /* FirebaseDatabaseSwift */ = {
			isa = XCSwiftPackageProductDependency;
			package = D38647242B50294B0016619C /* XCRemoteSwiftPackageReference "firebase-ios-sdk" */;
			productName = FirebaseDatabaseSwift;
		};
		D386473B2B50294B0016619C /* FirebaseDynamicLinks */ = {
			isa = XCSwiftPackageProductDependency;
			package = D38647242B50294B0016619C /* XCRemoteSwiftPackageReference "firebase-ios-sdk" */;
			productName = FirebaseDynamicLinks;
		};
		D386473D2B50294B0016619C /* FirebaseFirestore */ = {
			isa = XCSwiftPackageProductDependency;
			package = D38647242B50294B0016619C /* XCRemoteSwiftPackageReference "firebase-ios-sdk" */;
			productName = FirebaseFirestore;
		};
		D386473F2B50294B0016619C /* FirebaseFirestoreCombine-Community */ = {
			isa = XCSwiftPackageProductDependency;
			package = D38647242B50294B0016619C /* XCRemoteSwiftPackageReference "firebase-ios-sdk" */;
			productName = "FirebaseFirestoreCombine-Community";
		};
		D38647412B50294B0016619C /* FirebaseFirestoreSwift */ = {
			isa = XCSwiftPackageProductDependency;
			package = D38647242B50294B0016619C /* XCRemoteSwiftPackageReference "firebase-ios-sdk" */;
			productName = FirebaseFirestoreSwift;
		};
		D38647432B50294B0016619C /* FirebaseFunctions */ = {
			isa = XCSwiftPackageProductDependency;
			package = D38647242B50294B0016619C /* XCRemoteSwiftPackageReference "firebase-ios-sdk" */;
			productName = FirebaseFunctions;
		};
		D38647452B50294B0016619C /* FirebaseFunctionsCombine-Community */ = {
			isa = XCSwiftPackageProductDependency;
			package = D38647242B50294B0016619C /* XCRemoteSwiftPackageReference "firebase-ios-sdk" */;
			productName = "FirebaseFunctionsCombine-Community";
		};
		D38647472B50294B0016619C /* FirebaseInAppMessaging-Beta */ = {
			isa = XCSwiftPackageProductDependency;
			package = D38647242B50294B0016619C /* XCRemoteSwiftPackageReference "firebase-ios-sdk" */;
			productName = "FirebaseInAppMessaging-Beta";
		};
		D38647492B50294B0016619C /* FirebaseInAppMessagingSwift-Beta */ = {
			isa = XCSwiftPackageProductDependency;
			package = D38647242B50294B0016619C /* XCRemoteSwiftPackageReference "firebase-ios-sdk" */;
			productName = "FirebaseInAppMessagingSwift-Beta";
		};
		D386474B2B50294B0016619C /* FirebaseInstallations */ = {
			isa = XCSwiftPackageProductDependency;
			package = D38647242B50294B0016619C /* XCRemoteSwiftPackageReference "firebase-ios-sdk" */;
			productName = FirebaseInstallations;
		};
		D386474D2B50294B0016619C /* FirebaseMLModelDownloader */ = {
			isa = XCSwiftPackageProductDependency;
			package = D38647242B50294B0016619C /* XCRemoteSwiftPackageReference "firebase-ios-sdk" */;
			productName = FirebaseMLModelDownloader;
		};
		D386474F2B50294B0016619C /* FirebaseMessaging */ = {
			isa = XCSwiftPackageProductDependency;
			package = D38647242B50294B0016619C /* XCRemoteSwiftPackageReference "firebase-ios-sdk" */;
			productName = FirebaseMessaging;
		};
		D38647512B50294B0016619C /* FirebasePerformance */ = {
			isa = XCSwiftPackageProductDependency;
			package = D38647242B50294B0016619C /* XCRemoteSwiftPackageReference "firebase-ios-sdk" */;
			productName = FirebasePerformance;
		};
		D38647532B50294B0016619C /* FirebaseRemoteConfig */ = {
			isa = XCSwiftPackageProductDependency;
			package = D38647242B50294B0016619C /* XCRemoteSwiftPackageReference "firebase-ios-sdk" */;
			productName = FirebaseRemoteConfig;
		};
		D38647552B50294B0016619C /* FirebaseRemoteConfigSwift */ = {
			isa = XCSwiftPackageProductDependency;
			package = D38647242B50294B0016619C /* XCRemoteSwiftPackageReference "firebase-ios-sdk" */;
			productName = FirebaseRemoteConfigSwift;
		};
		D38647572B50294B0016619C /* FirebaseStorage */ = {
			isa = XCSwiftPackageProductDependency;
			package = D38647242B50294B0016619C /* XCRemoteSwiftPackageReference "firebase-ios-sdk" */;
			productName = FirebaseStorage;
		};
		D38647592B50294B0016619C /* FirebaseStorageCombine-Community */ = {
			isa = XCSwiftPackageProductDependency;
			package = D38647242B50294B0016619C /* XCRemoteSwiftPackageReference "firebase-ios-sdk" */;
			productName = "FirebaseStorageCombine-Community";
		};
/* End XCSwiftPackageProductDependency section */
	};
	rootObject = D33F20C72B2875B600C2353E /* Project object */;
}
